
Microsoft Visual Studio Solution File, Format Version 12.00
# Visual Studio Version 17
VisualStudioVersion = 17.13.35806.99
MinimumVisualStudioVersion = 10.0.40219.1
Project("{FAE04EC0-301F-11D3-BF4B-00C04F79EFBC}") = "RunPlan", "RunPlan\RunPlan.csproj", "{D3679083-DE97-469D-8833-73B7E8576CA8}"
EndProject
Global
	GlobalSection(SolutionConfigurationPlatforms) = preSolution
		Debug|Any CPU = Debug|Any CPU
		Release|Any CPU = Release|Any CPU
	EndGlobalSection
	GlobalSection(ProjectConfigurationPlatforms) = postSolution
		{D3679083-DE97-469D-8833-73B7E8576CA8}.Debug|Any CPU.ActiveCfg = Debug|Any CPU
		{D3679083-DE97-469D-8833-73B7E8576CA8}.Debug|Any CPU.Build.0 = Debug|Any CPU
		{D3679083-DE97-469D-8833-73B7E8576CA8}.Debug|Any CPU.Deploy.0 = Debug|Any CPU
		{D3679083-DE97-469D-8833-73B7E8576CA8}.Release|Any CPU.ActiveCfg = Release|Any CPU
		{D3679083-DE97-469D-8833-73B7E8576CA8}.Release|Any CPU.Build.0 = Release|Any CPU
	EndGlobalSection
	GlobalSection(SolutionProperties) = preSolution
		HideSolutionNode = FALSE
	EndGlobalSection
	GlobalSection(ExtensibilityGlobals) = postSolution
		SolutionGuid = {F28D8119-F2D7-484A-9D07-275C0A7CA0C9}
	EndGlobalSection
EndGlobal
